Microsoft Visual Studio Solution File, Format Version 12.00
# Visual Studio Version 17
VisualStudioVersion = 17.5.2.0
MinimumVisualStudioVersion = 10.0.40219.1
Project("{FAE04EC0-301F-11D3-BF4B-00C04F79EFBC}") = "BaselineMode.WPF", "BaselineMode.WPF.csproj", "{DFB7BB1F-A760-015F-C004-2FD97AE2224E}"
EndProject
Global
	GlobalSection(SolutionConfigurationPlatforms) = preSolution
		Debug|Any CPU = Debug|Any CPU
		Release|Any CPU = Release|Any CPU
	EndGlobalSection
	GlobalSection(ProjectConfigurationPlatforms) = postSolution
		{DFB7BB1F-A760-015F-C004-2FD97AE2224E}.Debug|Any CPU.ActiveCfg = Debug|Any CPU
		{DFB7BB1F-A760-015F-C004-2FD97AE2224E}.Debug|Any CPU.Build.0 = Debug|Any CPU
		{DFB7BB1F-A760-015F-C004-2FD97AE2224E}.Release|Any CPU.ActiveCfg = Release|Any CPU
		{DFB7BB1F-A760-015F-C004-2FD97AE2224E}.Release|Any CPU.Build.0 = Release|Any CPU
	EndGlobalSection
	GlobalSection(SolutionProperties) = preSolution
		HideSolutionNode = FALSE
	EndGlobalSection
	GlobalSection(ExtensibilityGlobals) = postSolution
		SolutionGuid = {7F574587-C37E-4F23-97DF-E71338937242}
	EndGlobalSection
EndGlobal
